{
  "version": 4,
  "terraform_version": "1.6.2",
  "serial": 44,
  "lineage": "72101954-1668-3bf2-27ac-9e81936d0442",
  "outputs": {
    "webapp_ips": {
      "value": "51.136.72.238,51.136.73.14,51.136.74.3,51.136.74.121,51.136.75.23,51.136.75.49,20.105.224.19",
      "type": "string"
    },
    "webapp_url": {
      "value": "task-board-plan-13862.azurewebsites.net",
      "type": "string"
    }
  },
  "resources": [
    {
      "mode": "managed",
      "type": "azurerm_app_service_source_control",
      "name": "assc",
      "provider": "provider[\"registry.terraform.io/hashicorp/azurerm\"]",
      "instances": [
        {
          "schema_version": 0,
          "attributes": {
            "app_id": "/subscriptions/404fe31f-8ee8-4586-bda1-16209dac0be1/resourceGroups/TaskBoardRG13862/providers/Microsoft.Web/sites/task-board-plan-13862",
            "branch": "main",
            "github_action_configuration": [],
            "id": "/subscriptions/404fe31f-8ee8-4586-bda1-16209dac0be1/resourceGroups/TaskBoardRG13862/providers/Microsoft.Web/sites/task-board-plan-13862",
            "repo_url": "https://github.com/stefanov13/TaskBoard-Web-app-.git",
            "rollback_enabled": false,
            "scm_type": "ExternalGit",
            "timeouts": null,
            "use_local_git": false,
            "use_manual_integration": true,
            "use_mercurial": false,
            "uses_github_action": false
          },
          "sensitive_attributes": [],
          "private": "eyJlMmJmYjczMC1lY2FhLTExZTYtOGY4OC0zNDM2M2JjN2M0YzAiOnsiY3JlYXRlIjoxODAwMDAwMDAwMDAwLCJkZWxldGUiOjE4MDAwMDAwMDAwMDAsInJlYWQiOjMwMDAwMDAwMDAwMH19",
          "dependencies": [
            "azurerm_linux_web_app.webapp",
            "azurerm_mssql_firewall_rule.mssqlfw",
            "azurerm_mssql_server.amssqls",
            "azurerm_resource_group.rg",
            "azurerm_service_plan.asp",
            "random_integer.ri"
          ]
        }
      ]
    },
    {
      "mode": "managed",
      "type": "azurerm_linux_web_app",
      "name": "webapp",
      "provider": "provider[\"registry.terraform.io/hashicorp/azurerm\"]",
      "instances": [
        {
          "schema_version": 0,
          "attributes": {
            "app_settings": null,
            "auth_settings": [
              {
                "active_directory": [],
                "additional_login_parameters": {},
                "allowed_external_redirect_urls": [],
                "default_provider": "",
                "enabled": false,
                "facebook": [],
                "github": [],
                "google": [],
                "issuer": "",
                "microsoft": [],
                "runtime_version": "",
                "token_refresh_extension_hours": 0,
                "token_store_enabled": false,
                "twitter": [],
                "unauthenticated_client_action": ""
              }
            ],
            "backup": [],
            "client_affinity_enabled": false,
            "client_certificate_enabled": false,
            "client_certificate_mode": "Required",
            "connection_string": [
              {
                "name": "DefaultConnection",
                "type": "SQLAzure",
                "value": "Data Source=tcp:taskboard-sql-13862.database.windows.net,1433;Initial Catalog=task-board-firewall-13862;User ID=4dm1n157r470r;Password=4-v3ry-53cr37-p455w0rd;Trusted_Connection=False; MultipleActiveResultSets=True;"
              }
            ],
            "custom_domain_verification_id": "608AA10753CACBC5D22B552516B7676474CA6538ADFBC82EE9C2F90C274F7FAB",
            "default_hostname": "task-board-plan-13862.azurewebsites.net",
            "enabled": true,
            "https_only": false,
            "id": "/subscriptions/404fe31f-8ee8-4586-bda1-16209dac0be1/resourceGroups/TaskBoardRG13862/providers/Microsoft.Web/sites/task-board-plan-13862",
            "identity": [],
            "key_vault_reference_identity_id": "SystemAssigned",
            "kind": "app,linux",
            "location": "westeurope",
            "logs": [],
            "name": "task-board-plan-13862",
            "outbound_ip_address_list": [
              "51.136.72.238",
              "51.136.73.14",
              "51.136.74.3",
              "51.136.74.121",
              "51.136.75.23",
              "51.136.75.49",
              "20.105.224.19"
            ],
            "outbound_ip_addresses": "51.136.72.238,51.136.73.14,51.136.74.3,51.136.74.121,51.136.75.23,51.136.75.49,20.105.224.19",
            "possible_outbound_ip_address_list": [
              "51.136.72.238",
              "51.136.73.14",
              "51.136.74.3",
              "51.136.74.121",
              "51.136.75.23",
              "51.136.75.49",
              "51.136.75.84",
              "51.136.76.175",
              "51.136.77.106",
              "51.136.77.238",
              "51.136.78.156",
              "51.136.79.17",
              "40.114.184.79",
              "40.114.184.131",
              "40.114.184.201",
              "40.114.185.12",
              "40.114.185.81",
              "40.114.185.102",
              "40.114.185.140",
              "40.114.185.212",
              "40.114.186.17",
              "40.114.186.88",
              "40.114.186.171",
              "40.114.187.70",
              "20.105.224.19"
            ],
            "possible_outbound_ip_addresses": "51.136.72.238,51.136.73.14,51.136.74.3,51.136.74.121,51.136.75.23,51.136.75.49,51.136.75.84,51.136.76.175,51.136.77.106,51.136.77.238,51.136.78.156,51.136.79.17,40.114.184.79,40.114.184.131,40.114.184.201,40.114.185.12,40.114.185.81,40.114.185.102,40.114.185.140,40.114.185.212,40.114.186.17,40.114.186.88,40.114.186.171,40.114.187.70,20.105.224.19",
            "resource_group_name": "TaskBoardRG13862",
            "service_plan_id": "/subscriptions/404fe31f-8ee8-4586-bda1-16209dac0be1/resourceGroups/TaskBoardRG13862/providers/Microsoft.Web/serverfarms/task-board-13862",
            "site_config": [
              {
                "always_on": false,
                "api_definition_url": "",
                "api_management_api_id": "",
                "app_command_line": "",
                "application_stack": [
                  {
                    "docker_image": "",
                    "docker_image_tag": "",
                    "dotnet_version": "6.0",
                    "java_server": "",
                    "java_server_version": "",
                    "java_version": "",
                    "node_version": "",
                    "php_version": "",
                    "python_version": "",
                    "ruby_version": ""
                  }
                ],
                "auto_heal_enabled": false,
                "auto_heal_setting": [],
                "container_registry_managed_identity_client_id": "",
                "container_registry_use_managed_identity": false,
                "cors": [],
                "default_documents": [
                  "Default.htm",
                  "Default.html",
                  "Default.asp",
                  "index.htm",
                  "index.html",
                  "iisstart.htm",
                  "default.aspx",
                  "index.php",
                  "hostingstart.html"
                ],
                "detailed_error_logging_enabled": false,
                "ftps_state": "Disabled",
                "health_check_eviction_time_in_min": 0,
                "health_check_path": "",
                "http2_enabled": false,
                "ip_restriction": [],
                "linux_fx_version": "DOTNETCORE|6.0",
                "load_balancing_mode": "LeastRequests",
                "local_mysql_enabled": false,
                "managed_pipeline_mode": "Integrated",
                "minimum_tls_version": "1.2",
                "remote_debugging_enabled": false,
                "remote_debugging_version": "VS2019",
                "scm_ip_restriction": [],
                "scm_minimum_tls_version": "1.2",
                "scm_type": "None",
                "scm_use_main_ip_restriction": false,
                "use_32_bit_worker": true,
                "vnet_route_all_enabled": false,
                "websockets_enabled": false,
                "worker_count": 1
              }
            ],
            "site_credential": [
              {
                "name": "$task-board-plan-13862",
                "password": "lF13kkFKGirmk6Kcbol6pe0wiDGNxqg2EmEiXSXCFYiQk244XHSimdSRWa0C"
              }
            ],
            "storage_account": [],
            "tags": null,
            "timeouts": null
          },
          "sensitive_attributes": [],
          "private": "eyJlMmJmYjczMC1lY2FhLTExZTYtOGY4OC0zNDM2M2JjN2M0YzAiOnsiY3JlYXRlIjoxODAwMDAwMDAwMDAwLCJkZWxldGUiOjE4MDAwMDAwMDAwMDAsInJlYWQiOjMwMDAwMDAwMDAwMCwidXBkYXRlIjoxODAwMDAwMDAwMDAwfX0=",
          "dependencies": [
            "azurerm_mssql_firewall_rule.mssqlfw",
            "azurerm_mssql_server.amssqls",
            "azurerm_resource_group.rg",
            "azurerm_service_plan.asp",
            "random_integer.ri"
          ]
        }
      ]
    },
    {
      "mode": "managed",
      "type": "azurerm_mssql_database",
      "name": "amssqldb",
      "provider": "provider[\"registry.terraform.io/hashicorp/azurerm\"]",
      "instances": [
        {
          "schema_version": 1,
          "attributes": {
            "auto_pause_delay_in_minutes": 0,
            "collation": "SQL_Latin1_General_CP1_CI_AS",
            "create_mode": "Default",
            "creation_source_database_id": null,
            "elastic_pool_id": "",
            "geo_backup_enabled": true,
            "id": "/subscriptions/404fe31f-8ee8-4586-bda1-16209dac0be1/resourceGroups/TaskBoardRG13862/providers/Microsoft.Sql/servers/taskboard-sql-13862/databases/task-board-mssql-db-13862",
            "license_type": "",
            "long_term_retention_policy": [
              {
                "monthly_retention": "PT0S",
                "week_of_year": 0,
                "weekly_retention": "PT0S",
                "yearly_retention": "PT0S"
              }
            ],
            "max_size_gb": 250,
            "min_capacity": 0,
            "name": "task-board-mssql-db-13862",
            "read_replica_count": 0,
            "read_scale": false,
            "recover_database_id": null,
            "restore_dropped_database_id": null,
            "restore_point_in_time": null,
            "sample_name": null,
            "server_id": "/subscriptions/404fe31f-8ee8-4586-bda1-16209dac0be1/resourceGroups/TaskBoardRG13862/providers/Microsoft.Sql/servers/taskboard-sql-13862",
            "short_term_retention_policy": [
              {
                "retention_days": 7
              }
            ],
            "sku_name": "S0",
            "storage_account_type": "Geo",
            "tags": null,
            "threat_detection_policy": [
              {
                "disabled_alerts": [],
                "email_account_admins": "Disabled",
                "email_addresses": [],
                "retention_days": 0,
                "state": "Disabled",
                "storage_account_access_key": "",
                "storage_endpoint": ""
              }
            ],
            "timeouts": null,
            "transparent_data_encryption_enabled": true,
            "zone_redundant": false
          },
          "sensitive_attributes": [],
          "private": "eyJlMmJmYjczMC1lY2FhLTExZTYtOGY4OC0zNDM2M2JjN2M0YzAiOnsiY3JlYXRlIjozNjAwMDAwMDAwMDAwLCJkZWxldGUiOjM2MDAwMDAwMDAwMDAsInJlYWQiOjMwMDAwMDAwMDAwMCwidXBkYXRlIjozNjAwMDAwMDAwMDAwfSwic2NoZW1hX3ZlcnNpb24iOiIxIn0=",
          "dependencies": [
            "azurerm_mssql_server.amssqls",
            "azurerm_resource_group.rg",
            "random_integer.ri"
          ]
        }
      ]
    },
    {
      "mode": "managed",
      "type": "azurerm_mssql_firewall_rule",
      "name": "mssqlfw",
      "provider": "provider[\"registry.terraform.io/hashicorp/azurerm\"]",
      "instances": [
        {
          "schema_version": 0,
          "attributes": {
            "end_ip_address": "0.0.0.0",
            "id": "/subscriptions/404fe31f-8ee8-4586-bda1-16209dac0be1/resourceGroups/TaskBoardRG13862/providers/Microsoft.Sql/servers/taskboard-sql-13862/firewallRules/task-board-firewall-13862",
            "name": "task-board-firewall-13862",
            "server_id": "/subscriptions/404fe31f-8ee8-4586-bda1-16209dac0be1/resourceGroups/TaskBoardRG13862/providers/Microsoft.Sql/servers/taskboard-sql-13862",
            "start_ip_address": "0.0.0.0",
            "timeouts": null
          },
          "sensitive_attributes": [],
          "private": "eyJlMmJmYjczMC1lY2FhLTExZTYtOGY4OC0zNDM2M2JjN2M0YzAiOnsiY3JlYXRlIjoxODAwMDAwMDAwMDAwLCJkZWxldGUiOjE4MDAwMDAwMDAwMDAsInJlYWQiOjMwMDAwMDAwMDAwMCwidXBkYXRlIjoxODAwMDAwMDAwMDAwfX0=",
          "dependencies": [
            "azurerm_mssql_server.amssqls",
            "azurerm_resource_group.rg",
            "random_integer.ri"
          ]
        }
      ]
    },
    {
      "mode": "managed",
      "type": "azurerm_mssql_server",
      "name": "amssqls",
      "provider": "provider[\"registry.terraform.io/hashicorp/azurerm\"]",
      "instances": [
        {
          "schema_version": 0,
          "attributes": {
            "administrator_login": "4dm1n157r470r",
            "administrator_login_password": "4-v3ry-53cr37-p455w0rd",
            "azuread_administrator": [],
            "connection_policy": "Default",
            "fully_qualified_domain_name": "taskboard-sql-13862.database.windows.net",
            "id": "/subscriptions/404fe31f-8ee8-4586-bda1-16209dac0be1/resourceGroups/TaskBoardRG13862/providers/Microsoft.Sql/servers/taskboard-sql-13862",
            "identity": [],
            "location": "westeurope",
            "minimum_tls_version": "1.2",
            "name": "taskboard-sql-13862",
            "outbound_network_restriction_enabled": false,
            "primary_user_assigned_identity_id": "",
            "public_network_access_enabled": true,
            "resource_group_name": "TaskBoardRG13862",
            "restorable_dropped_database_ids": [],
            "tags": null,
            "timeouts": null,
            "version": "12.0"
          },
          "sensitive_attributes": [],
          "private": "eyJlMmJmYjczMC1lY2FhLTExZTYtOGY4OC0zNDM2M2JjN2M0YzAiOnsiY3JlYXRlIjozNjAwMDAwMDAwMDAwLCJkZWxldGUiOjM2MDAwMDAwMDAwMDAsInJlYWQiOjMwMDAwMDAwMDAwMCwidXBkYXRlIjozNjAwMDAwMDAwMDAwfX0=",
          "dependencies": [
            "azurerm_resource_group.rg",
            "random_integer.ri"
          ]
        }
      ]
    },
    {
      "mode": "managed",
      "type": "azurerm_resource_group",
      "name": "rg",
      "provider": "provider[\"registry.terraform.io/hashicorp/azurerm\"]",
      "instances": [
        {
          "schema_version": 0,
          "attributes": {
            "id": "/subscriptions/404fe31f-8ee8-4586-bda1-16209dac0be1/resourceGroups/TaskBoardRG13862",
            "location": "westeurope",
            "name": "TaskBoardRG13862",
            "tags": null,
            "timeouts": null
          },
          "sensitive_attributes": [],
          "private": "eyJlMmJmYjczMC1lY2FhLTExZTYtOGY4OC0zNDM2M2JjN2M0YzAiOnsiY3JlYXRlIjo1NDAwMDAwMDAwMDAwLCJkZWxldGUiOjU0MDAwMDAwMDAwMDAsInJlYWQiOjMwMDAwMDAwMDAwMCwidXBkYXRlIjo1NDAwMDAwMDAwMDAwfX0=",
          "dependencies": [
            "random_integer.ri"
          ]
        }
      ]
    },
    {
      "mode": "managed",
      "type": "azurerm_service_plan",
      "name": "asp",
      "provider": "provider[\"registry.terraform.io/hashicorp/azurerm\"]",
      "instances": [
        {
          "schema_version": 0,
          "attributes": {
            "app_service_environment_id": "",
            "id": "/subscriptions/404fe31f-8ee8-4586-bda1-16209dac0be1/resourceGroups/TaskBoardRG13862/providers/Microsoft.Web/serverfarms/task-board-13862",
            "kind": "linux",
            "location": "westeurope",
            "maximum_elastic_worker_count": 1,
            "name": "task-board-13862",
            "os_type": "Linux",
            "per_site_scaling_enabled": false,
            "reserved": true,
            "resource_group_name": "TaskBoardRG13862",
            "sku_name": "F1",
            "tags": null,
            "timeouts": null,
            "worker_count": 1
          },
          "sensitive_attributes": [],
          "private": "eyJlMmJmYjczMC1lY2FhLTExZTYtOGY4OC0zNDM2M2JjN2M0YzAiOnsiY3JlYXRlIjozNjAwMDAwMDAwMDAwLCJkZWxldGUiOjM2MDAwMDAwMDAwMDAsInJlYWQiOjMwMDAwMDAwMDAwMCwidXBkYXRlIjozNjAwMDAwMDAwMDAwfX0=",
          "dependencies": [
            "azurerm_resource_group.rg",
            "random_integer.ri"
          ]
        }
      ]
    },
    {
      "mode": "managed",
      "type": "random_integer",
      "name": "ri",
      "provider": "provider[\"registry.terraform.io/hashicorp/random\"]",
      "instances": [
        {
          "schema_version": 0,
          "attributes": {
            "id": "13862",
            "keepers": null,
            "max": 99999,
            "min": 10000,
            "result": 13862,
            "seed": null
          },
          "sensitive_attributes": []
        }
      ]
    }
  ],
  "check_results": null
}
