{
  "version": 4,
  "terraform_version": "1.6.1",
  "serial": 9,
  "lineage": "ce13bbbe-a502-7084-c00b-121cbf0e8c65",
  "outputs": {},
  "resources": [
    {
      "mode": "managed",
      "type": "azurerm_app_service_source_control",
      "name": "assc",
      "provider": "provider[\"registry.terraform.io/hashicorp/azurerm\"]",
      "instances": [
        {
          "schema_version": 0,
          "attributes": {
            "app_id": "/subscriptions/404fe31f-8ee8-4586-bda1-16209dac0be1/resourceGroups/ContactBookRG23532/providers/Microsoft.Web/sites/contact-book-plan-23532",
            "branch": "master",
            "github_action_configuration": [],
            "id": "/subscriptions/404fe31f-8ee8-4586-bda1-16209dac0be1/resourceGroups/ContactBookRG23532/providers/Microsoft.Web/sites/contact-book-plan-23532",
            "repo_url": "https://github.com/nakov/ContactBook.git",
            "rollback_enabled": false,
            "scm_type": "ExternalGit",
            "timeouts": null,
            "use_local_git": false,
            "use_manual_integration": true,
            "use_mercurial": false,
            "uses_github_action": false
          },
          "sensitive_attributes": [],
          "private": "eyJlMmJmYjczMC1lY2FhLTExZTYtOGY4OC0zNDM2M2JjN2M0YzAiOnsiY3JlYXRlIjoxODAwMDAwMDAwMDAwLCJkZWxldGUiOjE4MDAwMDAwMDAwMDAsInJlYWQiOjMwMDAwMDAwMDAwMH19",
          "dependencies": [
            "azurerm_linux_web_app.webapp",
            "azurerm_resource_group.rg",
            "azurerm_service_plan.asp",
            "random_integer.ri"
          ]
        }
      ]
    },
    {
      "mode": "managed",
      "type": "azurerm_linux_web_app",
      "name": "webapp",
      "provider": "provider[\"registry.terraform.io/hashicorp/azurerm\"]",
      "instances": [
        {
          "schema_version": 0,
          "attributes": {
            "app_settings": null,
            "auth_settings": [
              {
                "active_directory": [],
                "additional_login_parameters": {},
                "allowed_external_redirect_urls": [],
                "default_provider": "",
                "enabled": false,
                "facebook": [],
                "github": [],
                "google": [],
                "issuer": "",
                "microsoft": [],
                "runtime_version": "",
                "token_refresh_extension_hours": 0,
                "token_store_enabled": false,
                "twitter": [],
                "unauthenticated_client_action": ""
              }
            ],
            "backup": [],
            "client_affinity_enabled": false,
            "client_certificate_enabled": false,
            "client_certificate_mode": "Required",
            "connection_string": [],
            "custom_domain_verification_id": "608AA10753CACBC5D22B552516B7676474CA6538ADFBC82EE9C2F90C274F7FAB",
            "default_hostname": "contact-book-plan-23532.azurewebsites.net",
            "enabled": true,
            "https_only": false,
            "id": "/subscriptions/404fe31f-8ee8-4586-bda1-16209dac0be1/resourceGroups/ContactBookRG23532/providers/Microsoft.Web/sites/contact-book-plan-23532",
            "identity": [],
            "key_vault_reference_identity_id": "SystemAssigned",
            "kind": "app,linux",
            "location": "westeurope",
            "logs": [],
            "name": "contact-book-plan-23532",
            "outbound_ip_address_list": [
              "20.101.166.130",
              "20.101.166.132",
              "20.101.166.119",
              "20.101.166.118",
              "20.101.166.124",
              "20.101.166.121",
              "20.105.232.8"
            ],
            "outbound_ip_addresses": "20.101.166.130,20.101.166.132,20.101.166.119,20.101.166.118,20.101.166.124,20.101.166.121,20.105.232.8",
            "possible_outbound_ip_address_list": [
              "20.101.166.130",
              "20.101.166.132",
              "20.101.166.119",
              "20.101.166.118",
              "20.101.166.124",
              "20.101.166.121",
              "20.101.166.59",
              "20.101.166.125",
              "20.101.166.134",
              "20.101.166.135",
              "20.101.166.136",
              "20.101.166.138",
              "20.101.166.139",
              "20.101.166.140",
              "20.101.166.44",
              "20.101.166.144",
              "20.101.166.146",
              "20.101.166.151",
              "20.101.166.157",
              "20.101.166.171",
              "20.101.166.180",
              "20.101.166.147",
              "20.101.166.183",
              "20.101.166.184",
              "20.105.232.8"
            ],
            "possible_outbound_ip_addresses": "20.101.166.130,20.101.166.132,20.101.166.119,20.101.166.118,20.101.166.124,20.101.166.121,20.101.166.59,20.101.166.125,20.101.166.134,20.101.166.135,20.101.166.136,20.101.166.138,20.101.166.139,20.101.166.140,20.101.166.44,20.101.166.144,20.101.166.146,20.101.166.151,20.101.166.157,20.101.166.171,20.101.166.180,20.101.166.147,20.101.166.183,20.101.166.184,20.105.232.8",
            "resource_group_name": "ContactBookRG23532",
            "service_plan_id": "/subscriptions/404fe31f-8ee8-4586-bda1-16209dac0be1/resourceGroups/contactbookrg23532/providers/Microsoft.Web/serverfarms/contact-book-23532",
            "site_config": [
              {
                "always_on": false,
                "api_definition_url": "",
                "api_management_api_id": "",
                "app_command_line": "",
                "application_stack": [
                  {
                    "docker_image": "",
                    "docker_image_tag": "",
                    "dotnet_version": "",
                    "java_server": "",
                    "java_server_version": "",
                    "java_version": "",
                    "node_version": "16-lts",
                    "php_version": "",
                    "python_version": "",
                    "ruby_version": ""
                  }
                ],
                "auto_heal_enabled": false,
                "auto_heal_setting": [],
                "container_registry_managed_identity_client_id": "",
                "container_registry_use_managed_identity": false,
                "cors": [],
                "default_documents": [
                  "Default.htm",
                  "Default.html",
                  "Default.asp",
                  "index.htm",
                  "index.html",
                  "iisstart.htm",
                  "default.aspx",
                  "index.php",
                  "hostingstart.html"
                ],
                "detailed_error_logging_enabled": false,
                "ftps_state": "Disabled",
                "health_check_eviction_time_in_min": 0,
                "health_check_path": "",
                "http2_enabled": false,
                "ip_restriction": [],
                "linux_fx_version": "NODE|16-lts",
                "load_balancing_mode": "LeastRequests",
                "local_mysql_enabled": false,
                "managed_pipeline_mode": "Integrated",
                "minimum_tls_version": "1.2",
                "remote_debugging_enabled": false,
                "remote_debugging_version": "VS2019",
                "scm_ip_restriction": [],
                "scm_minimum_tls_version": "1.2",
                "scm_type": "None",
                "scm_use_main_ip_restriction": false,
                "use_32_bit_worker": true,
                "vnet_route_all_enabled": false,
                "websockets_enabled": false,
                "worker_count": 1
              }
            ],
            "site_credential": [
              {
                "name": "$contact-book-plan-23532",
                "password": "0jiuGm6nRnE51j16muc26klxc1vE4hy0WMa4rno35gvjXoKrHjTBDqJsilWg"
              }
            ],
            "storage_account": [],
            "tags": null,
            "timeouts": null
          },
          "sensitive_attributes": [],
          "private": "eyJlMmJmYjczMC1lY2FhLTExZTYtOGY4OC0zNDM2M2JjN2M0YzAiOnsiY3JlYXRlIjoxODAwMDAwMDAwMDAwLCJkZWxldGUiOjE4MDAwMDAwMDAwMDAsInJlYWQiOjMwMDAwMDAwMDAwMCwidXBkYXRlIjoxODAwMDAwMDAwMDAwfX0=",
          "dependencies": [
            "azurerm_resource_group.rg",
            "azurerm_service_plan.asp",
            "random_integer.ri"
          ]
        }
      ]
    },
    {
      "mode": "managed",
      "type": "azurerm_resource_group",
      "name": "rg",
      "provider": "provider[\"registry.terraform.io/hashicorp/azurerm\"]",
      "instances": [
        {
          "schema_version": 0,
          "attributes": {
            "id": "/subscriptions/404fe31f-8ee8-4586-bda1-16209dac0be1/resourceGroups/ContactBookRG23532",
            "location": "westeurope",
            "name": "ContactBookRG23532",
            "tags": null,
            "timeouts": null
          },
          "sensitive_attributes": [],
          "private": "eyJlMmJmYjczMC1lY2FhLTExZTYtOGY4OC0zNDM2M2JjN2M0YzAiOnsiY3JlYXRlIjo1NDAwMDAwMDAwMDAwLCJkZWxldGUiOjU0MDAwMDAwMDAwMDAsInJlYWQiOjMwMDAwMDAwMDAwMCwidXBkYXRlIjo1NDAwMDAwMDAwMDAwfX0=",
          "dependencies": [
            "random_integer.ri"
          ]
        }
      ]
    },
    {
      "mode": "managed",
      "type": "azurerm_service_plan",
      "name": "asp",
      "provider": "provider[\"registry.terraform.io/hashicorp/azurerm\"]",
      "instances": [
        {
          "schema_version": 0,
          "attributes": {
            "app_service_environment_id": "",
            "id": "/subscriptions/404fe31f-8ee8-4586-bda1-16209dac0be1/resourceGroups/ContactBookRG23532/providers/Microsoft.Web/serverfarms/contact-book-23532",
            "kind": "linux",
            "location": "westeurope",
            "maximum_elastic_worker_count": 1,
            "name": "contact-book-23532",
            "os_type": "Linux",
            "per_site_scaling_enabled": false,
            "reserved": true,
            "resource_group_name": "ContactBookRG23532",
            "sku_name": "F1",
            "tags": null,
            "timeouts": null,
            "worker_count": 1
          },
          "sensitive_attributes": [],
          "private": "eyJlMmJmYjczMC1lY2FhLTExZTYtOGY4OC0zNDM2M2JjN2M0YzAiOnsiY3JlYXRlIjozNjAwMDAwMDAwMDAwLCJkZWxldGUiOjM2MDAwMDAwMDAwMDAsInJlYWQiOjMwMDAwMDAwMDAwMCwidXBkYXRlIjozNjAwMDAwMDAwMDAwfX0=",
          "dependencies": [
            "azurerm_resource_group.rg",
            "random_integer.ri"
          ]
        }
      ]
    },
    {
      "mode": "managed",
      "type": "random_integer",
      "name": "ri",
      "provider": "provider[\"registry.terraform.io/hashicorp/random\"]",
      "instances": [
        {
          "schema_version": 0,
          "attributes": {
            "id": "23532",
            "keepers": null,
            "max": 99999,
            "min": 10000,
            "result": 23532,
            "seed": null
          },
          "sensitive_attributes": []
        }
      ]
    }
  ],
  "check_results": null
}
